// !$*UTF8*$!
{
	archiveVersion = 1;
	classes = {
	};
	objectVersion = 46;
	objects = {

/* Begin PBXBuildFile section */
		34F1E0AC1CEA362E00EFD122 /* main.m in Sources */ = {isa = PBXBuildFile; fileRef = 34F1E0AB1CEA362E00EFD122 /* main.m */; };
		34F1E0AF1CEA362E00EFD122 /* AppDelegate.m in Sources */ = {isa = PBXBuildFile; fileRef = 34F1E0AE1CEA362E00EFD122 /* AppDelegate.m */; };
		34F1E0B21CEA362E00EFD122 /* ViewController.m in Sources */ = {isa = PBXBuildFile; fileRef = 34F1E0B11CEA362E00EFD122 /* ViewController.m */; };
		34F1E0B51CEA362E00EFD122 /* Main.storyboard in Resources */ = {isa = PBXBuildFile; fileRef = 34F1E0B31CEA362E00EFD122 /* Main.storyboard */; };
		34F1E0B71CEA362E00EFD122 /* Assets.xcassets in Resources */ = {isa = PBXBuildFile; fileRef = 34F1E0B61CEA362E00EFD122 /* Assets.xcassets */; };
		34F1E0BA1CEA362E00EFD122 /* LaunchScreen.storyboard in Resources */ = {isa = PBXBuildFile; fileRef = 34F1E0B81CEA362E00EFD122 /* LaunchScreen.storyboard */; };
		34F1E0C31CEA3BB400EFD122 /* MyScrollView.m in Sources */ = {isa = PBXBuildFile; fileRef = 34F1E0C21CEA3BB400EFD122 /* MyScrollView.m */; };
/* End PBXBuildFile section */

/* Begin PBXFileReference section */
		34F1E0A71CEA362E00EFD122 /* MyScrollView.app */ = {isa = PBXFileReference; explicitFileType = wrapper.application; includeInIndex = 0; path = MyScrollView.app; sourceTree = BUILT_PRODUCTS_DIR; };
		34F1E0AB1CEA362E00EFD122 /* main.m */ = {isa = PBXFileReference; lastKnownFileType = sourcecode.c.objc; path = main.m; sourceTree = "<group>"; };
		34F1E0AD1CEA362E00EFD122 /* AppDelegate.h */ = {isa = PBXFileReference; lastKnownFileType = sourcecode.c.h; path = AppDelegate.h; sourceTree = "<group>"; };
		34F1E0AE1CEA362E00EFD122 /* AppDelegate.m */ = {isa = PBXFileReference; lastKnownFileType = sourcecode.c.objc; path = AppDelegate.m; sourceTree = "<group>"; };
		34F1E0B01CEA362E00EFD122 /* ViewController.h */ = {isa = PBXFileReference; lastKnownFileType = sourcecode.c.h; path = ViewController.h; sourceTree = "<group>"; };
		34F1E0B11CEA362E00EFD122 /* ViewController.m */ = {isa = PBXFileReference; lastKnownFileType = sourcecode.c.objc; path = ViewController.m; sourceTree = "<group>"; };
		34F1E0B41CEA362E00EFD122 /* Base */ = {isa = PBXFileReference; lastKnownFileType = file.storyboard; name = Base; path = Base.lproj/Main.storyboard; sourceTree = "<group>"; };
		34F1E0B61CEA362E00EFD122 /* Assets.xcassets */ = {isa = PBXFileReference; lastKnownFileType = folder.assetcatalog; path = Assets.xcassets; sourceTree = "<group>"; };
		34F1E0B91CEA362E00EFD122 /* Base */ = {isa = PBXFileReference; lastKnownFileType = file.storyboard; name = Base; path = Base.lproj/LaunchScreen.storyboard; sourceTree = "<group>"; };
		34F1E0BB1CEA362E00EFD122 /* Info.plist */ = {isa = PBXFileReference; lastKnownFileType = text.plist.xml; path = Info.plist; sourceTree = "<group>"; };
		34F1E0C11CEA3BB400EFD122 /* MyScrollView.h */ = {isa = PBXFileReference; fileEncoding = 4; lastKnownFileType = sourcecode.c.h; path = MyScrollView.h; sourceTree = "<group>"; };
		34F1E0C21CEA3BB400EFD122 /* MyScrollView.m */ = {isa = PBXFileReference; fileEncoding = 4; lastKnownFileType = sourcecode.c.objc; path = MyScrollView.m; sourceTree = "<group>"; };
/* End PBXFileReference section */

/* Begin PBXFrameworksBuildPhase section */
		34F1E0A41CEA362E00EFD122 /* Frameworks */ = {
			isa = PBXFrameworksBuildPhase;
			buildActionMask = 2147483647;
			files = (
			);
			runOnlyForDeploymentPostprocessing = 0;
		};
/* End PBXFrameworksBuildPhase section */

/* Begin PBXGroup section */
		34F1E09E1CEA362D00EFD122 = {
			isa = PBXGroup;
			children = (
				34F1E0A91CEA362E00EFD122 /* MyScrollView */,
				34F1E0A81CEA362E00EFD122 /* Products */,
			);
			sourceTree = "<group>";
		};
		34F1E0A81CEA362E00EFD122 /* Products */ = {
			isa = PBXGroup;
			children = (
				34F1E0A71CEA362E00EFD122 /* MyScrollView.app */,
			);
			name = Products;
			sourceTree = "<group>";
		};
		34F1E0A91CEA362E00EFD122 /* MyScrollView */ = {
			isa = PBXGroup;
			children = (
				34F1E0AD1CEA362E00EFD122 /* AppDelegate.h */,
				34F1E0AE1CEA362E00EFD122 /* AppDelegate.m */,
				34F1E0B01CEA362E00EFD122 /* ViewController.h */,
				34F1E0B11CEA362E00EFD122 /* ViewController.m */,
				34F1E0C11CEA3BB400EFD122 /* MyScrollView.h */,
				34F1E0C21CEA3BB400EFD122 /* MyScrollView.m */,
				34F1E0B31CEA362E00EFD122 /* Main.storyboard */,
				34F1E0B61CEA362E00EFD122 /* Assets.xcassets */,
				34F1E0B81CEA362E00EFD122 /* LaunchScreen.storyboard */,
				34F1E0BB1CEA362E00EFD122 /* Info.plist */,
				34F1E0AA1CEA362E00EFD122 /* Supporting Files */,
			);
			path = MyScrollView;
			sourceTree = "<group>";
		};
		34F1E0AA1CEA362E00EFD122 /* Supporting Files */ = {
			isa = PBXGroup;
			children = (
				34F1E0AB1CEA362E00EFD122 /* main.m */,
			);
			name = "Supporting Files";
			sourceTree = "<group>";
		};
/* End PBXGroup section */

/* Begin PBXNativeTarget section */
		34F1E0A61CEA362E00EFD122 /* MyScrollView */ = {
			isa = PBXNativeTarget;
			buildConfigurationList = 34F1E0BE1CEA362E00EFD122 /* Build configuration list for PBXNativeTarget "MyScrollView" */;
			buildPhases = (
				34F1E0A31CEA362E00EFD122 /* Sources */,
				34F1E0A41CEA362E00EFD122 /* Frameworks */,
				34F1E0A51CEA362E00EFD122 /* Resources */,
			);
			buildRules = (
			);
			dependencies = (
			);
			name = MyScrollView;
			productName = MyScrollView;
			productReference = 34F1E0A71CEA362E00EFD122 /* MyScrollView.app */;
			productType = "com.apple.product-type.application";
		};
/* End PBXNativeTarget section */

/* Begin PBXProject section */
		34F1E09F1CEA362D00EFD122 /* Project object */ = {
			isa = PBXProject;
			attributes = {
				LastUpgradeCheck = 0730;
				ORGANIZATIONNAME = "Taylor Benna";
				TargetAttributes = {
					34F1E0A61CEA362E00EFD122 = {
						CreatedOnToolsVersion = 7.3;
						DevelopmentTeam = F9TL8X93F7;
					};
				};
			};
			buildConfigurationList = 34F1E0A21CEA362E00EFD122 /* Build configuration list for PBXProject "MyScrollView" */;
			compatibilityVersion = "Xcode 3.2";
			developmentRegion = English;
			hasScannedForEncodings = 0;
			knownRegions = (
				en,
				Base,
			);
			mainGroup = 34F1E09E1CEA362D00EFD122;
			productRefGroup = 34F1E0A81CEA362E00EFD122 /* Products */;
			projectDirPath = "";
			projectRoot = "";
			targets = (
				34F1E0A61CEA362E00EFD122 /* MyScrollView */,
			);
		};
/* End PBXProject section */

/* Begin PBXResourcesBuildPhase section */
		34F1E0A51CEA362E00EFD122 /* Resources */ = {
			isa = PBXResourcesBuildPhase;
			buildActionMask = 2147483647;
			files = (
				34F1E0BA1CEA362E00EFD122 /* LaunchScreen.storyboard in Resources */,
				34F1E0B71CEA362E00EFD122 /* Assets.xcassets in Resources */,
				34F1E0B51CEA362E00EFD122 /* Main.storyboard in Resources */,
			);
			runOnlyForDeploymentPostprocessing = 0;
		};
/* End PBXResourcesBuildPhase section */

/* Begin PBXSourcesBuildPhase section */
		34F1E0A31CEA362E00EFD122 /* Sources */ = {
			isa = PBXSourcesBuildPhase;
			buildActionMask = 2147483647;
			files = (
				34F1E0B21CEA362E00EFD122 /* ViewController.m in Sources */,
				34F1E0C31CEA3BB400EFD122 /* MyScrollView.m in Sources */,
				34F1E0AF1CEA362E00EFD122 /* AppDelegate.m in Sources */,
				34F1E0AC1CEA362E00EFD122 /* main.m in Sources */,
			);
			runOnlyForDeploymentPostprocessing = 0;
		};
/* End PBXSourcesBuildPhase section */

/* Begin PBXVariantGroup section */
		34F1E0B31CEA362E00EFD122 /* Main.storyboard */ = {
			isa = PBXVariantGroup;
			children = (
				34F1E0B41CEA362E00EFD122 /* Base */,
			);
			name = Main.storyboard;
			sourceTree = "<group>";
		};
		34F1E0B81CEA362E00EFD122 /* LaunchScreen.storyboard */ = {
			isa = PBXVariantGroup;
			children = (
				34F1E0B91CEA362E00EFD122 /* Base */,
			);
			name = LaunchScreen.storyboard;
			sourceTree = "<group>";
		};
/* End PBXVariantGroup section */

/* Begin XCBuildConfiguration section */
		34F1E0BC1CEA362E00EFD122 /* Debug */ = {
			isa = XCBuildConfiguration;
			buildSettings = {
				ALWAYS_SEARCH_USER_PATHS = NO;
				CLANG_ANALYZER_NONNULL = YES;
				CLANG_CXX_LANGUAGE_STANDARD = "gnu++0x";
				CLANG_CXX_LIBRARY = "libc++";
				CLANG_ENABLE_MODULES = YES;
				CLANG_ENABLE_OBJC_ARC = YES;
				CLANG_WARN_BOOL_CONVERSION = YES;
				CLANG_WARN_CONSTANT_CONVERSION = YES;
				CLANG_WARN_DIRECT_OBJC_ISA_USAGE = YES_ERROR;
				CLANG_WARN_EMPTY_BODY = YES;
				CLANG_WARN_ENUM_CONVERSION = YES;
				CLANG_WARN_INT_CONVERSION = YES;
				CLANG_WARN_OBJC_ROOT_CLASS = YES_ERROR;
				CLANG_WARN_UNREACHABLE_CODE = YES;
				CLANG_WARN__DUPLICATE_METHOD_MATCH = YES;
				"CODE_SIGN_IDENTITY[sdk=iphoneos*]" = "iPhone Developer";
				COPY_PHASE_STRIP = NO;
				DEBUG_INFORMATION_FORMAT = dwarf;
				ENABLE_STRICT_OBJC_MSGSEND = YES;
				ENABLE_TESTABILITY = YES;
				GCC_C_LANGUAGE_STANDARD = gnu99;
				GCC_DYNAMIC_NO_PIC = NO;
				GCC_NO_COMMON_BLOCKS = YES;
				GCC_OPTIMIZATION_LEVEL = 0;
				GCC_PREPROCESSOR_DEFINITIONS = (
					"DEBUG=1",
					"$(inherited)",
				);
				GCC_WARN_64_TO_32_BIT_CONVERSION = YES;
				GCC_WARN_ABOUT_RETURN_TYPE = YES_ERROR;
				GCC_WARN_UNDECLARED_SELECTOR = YES;
				GCC_WARN_UNINITIALIZED_AUTOS = YES_AGGRESSIVE;
				GCC_WARN_UNUSED_FUNCTION = YES;
				GCC_WARN_UNUSED_VARIABLE = YES;
				IPHONEOS_DEPLOYMENT_TARGET = 9.3;
				MTL_ENABLE_DEBUG_INFO = YES;
				ONLY_ACTIVE_ARCH = YES;
				SDKROOT = iphoneos;
			};
			name = Debug;
		};
		34F1E0BD1CEA362E00EFD122 /* Release */ = {
			isa = XCBuildConfiguration;
			buildSettings = {
				ALWAYS_SEARCH_USER_PATHS = NO;
				CLANG_ANALYZER_NONNULL = YES;
				CLANG_CXX_LANGUAGE_STANDARD = "gnu++0x";
				CLANG_CXX_LIBRARY = "libc++";
				CLANG_ENABLE_MODULES = YES;
				CLANG_ENABLE_OBJC_ARC = YES;
				CLANG_WARN_BOOL_CONVERSION = YES;
				CLANG_WARN_CONSTANT_CONVERSION = YES;
				CLANG_WARN_DIRECT_OBJC_ISA_USAGE = YES_ERROR;
				CLANG_WARN_EMPTY_BODY = YES;
				CLANG_WARN_ENUM_CONVERSION = YES;
				CLANG_WARN_INT_CONVERSION = YES;
				CLANG_WARN_OBJC_ROOT_CLASS = YES_ERROR;
				CLANG_WARN_UNREACHABLE_CODE = YES;
				CLANG_WARN__DUPLICATE_METHOD_MATCH = YES;
				"CODE_SIGN_IDENTITY[sdk=iphoneos*]" = "iPhone Developer";
				COPY_PHASE_STRIP = NO;
				DEBUG_INFORMATION_FORMAT = "dwarf-with-dsym";
				ENABLE_NS_ASSERTIONS = NO;
				ENABLE_STRICT_OBJC_MSGSEND = YES;
				GCC_C_LANGUAGE_STANDARD = gnu99;
				GCC_NO_COMMON_BLOCKS = YES;
				GCC_WARN_64_TO_32_BIT_CONVERSION = YES;
				GCC_WARN_ABOUT_RETURN_TYPE = YES_ERROR;
				GCC_WARN_UNDECLARED_SELECTOR = YES;
				GCC_WARN_UNINITIALIZED_AUTOS = YES_AGGRESSIVE;
				GCC_WARN_UNUSED_FUNCTION = YES;
				GCC_WARN_UNUSED_VARIABLE = YES;
				IPHONEOS_DEPLOYMENT_TARGET = 9.3;
				MTL_ENABLE_DEBUG_INFO = NO;
				SDKROOT = iphoneos;
				VALIDATE_PRODUCT = YES;
			};
			name = Release;
		};
		34F1E0BF1CEA362E00EFD122 /* Debug */ = {
			isa = XCBuildConfiguration;
			buildSettings = {
				ASSETCATALOG_COMPILER_APPICON_NAME = AppIcon;
				CODE_SIGN_IDENTITY = "iPhone Developer";
				"CODE_SIGN_IDENTITY[sdk=iphoneos*]" = "iPhone Developer";
				INFOPLIST_FILE = MyScrollView/Info.plist;
				LD_RUNPATH_SEARCH_PATHS = "$(inherited) @executable_path/Frameworks";
				PRODUCT_BUNDLE_IDENTIFIER = Taylor.MyScrollView;
				PRODUCT_NAME = "$(TARGET_NAME)";
				PROVISIONING_PROFILE = "";
			};
			name = Debug;
		};
		34F1E0C01CEA362E00EFD122 /* Release */ = {
			isa = XCBuildConfiguration;
			buildSettings = {
				ASSETCATALOG_COMPILER_APPICON_NAME = AppIcon;
				CODE_SIGN_IDENTITY = "iPhone Developer";
				"CODE_SIGN_IDENTITY[sdk=iphoneos*]" = "iPhone Developer";
				INFOPLIST_FILE = MyScrollView/Info.plist;
				LD_RUNPATH_SEARCH_PATHS = "$(inherited) @executable_path/Frameworks";
				PRODUCT_BUNDLE_IDENTIFIER = Taylor.MyScrollView;
				PRODUCT_NAME = "$(TARGET_NAME)";
				PROVISIONING_PROFILE = "";
			};
			name = Release;
		};
/* End XCBuildConfiguration section */

/* Begin XCConfigurationList section */
		34F1E0A21CEA362E00EFD122 /* Build configuration list for PBXProject "MyScrollView" */ = {
			isa = XCConfigurationList;
			buildConfigurations = (
				34F1E0BC1CEA362E00EFD122 /* Debug */,
				34F1E0BD1CEA362E00EFD122 /* Release */,
			);
			defaultConfigurationIsVisible = 0;
			defaultConfigurationName = Release;
		};
		34F1E0BE1CEA362E00EFD122 /* Build configuration list for PBXNativeTarget "MyScrollView" */ = {
			isa = XCConfigurationList;
			buildConfigurations = (
				34F1E0BF1CEA362E00EFD122 /* Debug */,
				34F1E0C01CEA362E00EFD122 /* Release */,
			);
			defaultConfigurationIsVisible = 0;
		};
/* End XCConfigurationList section */
	};
	rootObject = 34F1E09F1CEA362D00EFD122 /* Project object */;
}
